
Microsoft Visual Studio Solution File, Format Version 12.00
# Visual Studio Version 16
VisualStudioVersion = 16.0.29318.209
MinimumVisualStudioVersion = 10.0.40219.1
Project("{FAE04EC0-301F-11D3-BF4B-00C04F79EFBC}") = "Ejercicio 3-G3", "Ejercicio 3-G3.csproj", "{D084F4BB-33FB-4F9C-ADB8-BFE7EB8AA158}"
EndProject
Global
	GlobalSection(SolutionConfigurationPlatforms) = preSolution
		Debug|Any CPU = Debug|Any CPU
		Release|Any CPU = Release|Any CPU
	EndGlobalSection
	GlobalSection(ProjectConfigurationPlatforms) = postSolution
		{D084F4BB-33FB-4F9C-ADB8-BFE7EB8AA158}.Debug|Any CPU.ActiveCfg = Debug|Any CPU
		{D084F4BB-33FB-4F9C-ADB8-BFE7EB8AA158}.Debug|Any CPU.Build.0 = Debug|Any CPU
		{D084F4BB-33FB-4F9C-ADB8-BFE7EB8AA158}.Release|Any CPU.ActiveCfg = Release|Any CPU
		{D084F4BB-33FB-4F9C-ADB8-BFE7EB8AA158}.Release|Any CPU.Build.0 = Release|Any CPU
	EndGlobalSection
	GlobalSection(SolutionProperties) = preSolution
		HideSolutionNode = FALSE
	EndGlobalSection
	GlobalSection(ExtensibilityGlobals) = postSolution
		SolutionGuid = {06D735E3-2B5A-4966-911F-FC70FE04C356}
	EndGlobalSection
EndGlobal
