
Microsoft Visual Studio Solution File, Format Version 12.00
# Visual Studio Version 16
VisualStudioVersion = 16.0.29318.209
MinimumVisualStudioVersion = 10.0.40219.1
Project("{FAE04EC0-301F-11D3-BF4B-00C04F79EFBC}") = "Ejercicio 4-G1", "Ejercicio 4-G1.csproj", "{DB84DE8D-6046-4CAE-A019-646BFBAECA03}"
EndProject
Global
	GlobalSection(SolutionConfigurationPlatforms) = preSolution
		Debug|Any CPU = Debug|Any CPU
		Release|Any CPU = Release|Any CPU
	EndGlobalSection
	GlobalSection(ProjectConfigurationPlatforms) = postSolution
		{DB84DE8D-6046-4CAE-A019-646BFBAECA03}.Debug|Any CPU.ActiveCfg = Debug|Any CPU
		{DB84DE8D-6046-4CAE-A019-646BFBAECA03}.Debug|Any CPU.Build.0 = Debug|Any CPU
		{DB84DE8D-6046-4CAE-A019-646BFBAECA03}.Release|Any CPU.ActiveCfg = Release|Any CPU
		{DB84DE8D-6046-4CAE-A019-646BFBAECA03}.Release|Any CPU.Build.0 = Release|Any CPU
	EndGlobalSection
	GlobalSection(SolutionProperties) = preSolution
		HideSolutionNode = FALSE
	EndGlobalSection
	GlobalSection(ExtensibilityGlobals) = postSolution
		SolutionGuid = {713FC679-D0A0-421A-BE33-33C1BDA85ADB}
	EndGlobalSection
EndGlobal
