
Microsoft Visual Studio Solution File, Format Version 12.00
# Visual Studio Version 16
VisualStudioVersion = 16.0.29318.209
MinimumVisualStudioVersion = 10.0.40219.1
Project("{FAE04EC0-301F-11D3-BF4B-00C04F79EFBC}") = "Ejercicio 3-G1", "Ejercicio 3-G1.csproj", "{AC916612-9116-4AD0-983C-909633107D5B}"
EndProject
Global
	GlobalSection(SolutionConfigurationPlatforms) = preSolution
		Debug|Any CPU = Debug|Any CPU
		Release|Any CPU = Release|Any CPU
	EndGlobalSection
	GlobalSection(ProjectConfigurationPlatforms) = postSolution
		{AC916612-9116-4AD0-983C-909633107D5B}.Debug|Any CPU.ActiveCfg = Debug|Any CPU
		{AC916612-9116-4AD0-983C-909633107D5B}.Debug|Any CPU.Build.0 = Debug|Any CPU
		{AC916612-9116-4AD0-983C-909633107D5B}.Release|Any CPU.ActiveCfg = Release|Any CPU
		{AC916612-9116-4AD0-983C-909633107D5B}.Release|Any CPU.Build.0 = Release|Any CPU
	EndGlobalSection
	GlobalSection(SolutionProperties) = preSolution
		HideSolutionNode = FALSE
	EndGlobalSection
	GlobalSection(ExtensibilityGlobals) = postSolution
		SolutionGuid = {60E4251B-A02A-467A-BF05-6366EE829919}
	EndGlobalSection
EndGlobal
