
Microsoft Visual Studio Solution File, Format Version 12.00
# Visual Studio Version 16
VisualStudioVersion = 16.0.29318.209
MinimumVisualStudioVersion = 10.0.40219.1
Project("{FAE04EC0-301F-11D3-BF4B-00C04F79EFBC}") = "Practica 1", "Practica 1\Practica 1.csproj", "{DB33DDF1-32AB-469B-9067-26C68006F128}"
EndProject
Global
	GlobalSection(SolutionConfigurationPlatforms) = preSolution
		Debug|Any CPU = Debug|Any CPU
		Release|Any CPU = Release|Any CPU
	EndGlobalSection
	GlobalSection(ProjectConfigurationPlatforms) = postSolution
		{DB33DDF1-32AB-469B-9067-26C68006F128}.Debug|Any CPU.ActiveCfg = Debug|Any CPU
		{DB33DDF1-32AB-469B-9067-26C68006F128}.Debug|Any CPU.Build.0 = Debug|Any CPU
		{DB33DDF1-32AB-469B-9067-26C68006F128}.Release|Any CPU.ActiveCfg = Release|Any CPU
		{DB33DDF1-32AB-469B-9067-26C68006F128}.Release|Any CPU.Build.0 = Release|Any CPU
	EndGlobalSection
	GlobalSection(SolutionProperties) = preSolution
		HideSolutionNode = FALSE
	EndGlobalSection
	GlobalSection(ExtensibilityGlobals) = postSolution
		SolutionGuid = {C02A3CEE-A0E2-4B1B-AE82-C6CA8F79CF66}
	EndGlobalSection
EndGlobal
